
Microsoft Visual Studio Solution File, Format Version 12.00
# Visual Studio Version 17
VisualStudioVersion = 17.0.32014.148
MinimumVisualStudioVersion = 10.0.40219.1
Project("{8BC9CEB8-8B4A-11D0-8D11-00A0C91BC942}") = "program", "program.vcxproj", "{20B51D39-F84A-4B79-9FEA-19C12903607F}"
EndProject
Project("{8BC9CEB8-8B4A-11D0-8D11-00A0C91BC942}") = "Class1th", "..\Project1\Project1.vcxproj", "{E3EA88A3-3616-4508-889E-0014E193A9CF}"
EndProject
Project("{8BC9CEB8-8B4A-11D0-8D11-00A0C91BC942}") = "Class2th", "..\Class2th\Class2th.vcxproj", "{692312E7-F891-437E-B3A8-BA559150937A}"
EndProject
Project("{8BC9CEB8-8B4A-11D0-8D11-00A0C91BC942}") = "Class3th", "..\Class3th\Class3th.vcxproj", "{51DB79E9-464B-433E-A947-58BA2E612681}"
EndProject
Project("{8BC9CEB8-8B4A-11D0-8D11-00A0C91BC942}") = "Class4th", "..\Class4th\Class4th.vcxproj", "{552C69CF-781B-4885-A412-45E3C17A406E}"
EndProject
Project("{8BC9CEB8-8B4A-11D0-8D11-00A0C91BC942}") = "Class5th", "..\Class5th\Class5th.vcxproj", "{BC571746-D21B-4DE6-A1BB-EB8109699ADF}"
EndProject
Project("{8BC9CEB8-8B4A-11D0-8D11-00A0C91BC942}") = "Class6th", "..\Class6th\Class6th.vcxproj", "{30105BE2-9716-4414-B5A6-1297180E7733}"
EndProject
Project("{8BC9CEB8-8B4A-11D0-8D11-00A0C91BC942}") = "Class7th", "..\Class7th\Class7th.vcxproj", "{4EA50F27-2E4B-450B-8E06-5FFCC8EE767C}"
EndProject
Project("{8BC9CEB8-8B4A-11D0-8D11-00A0C91BC942}") = "Class8th", "..\Class8th\Class8th.vcxproj", "{E951E68E-9C7F-4C46-9367-6527C5A771C2}"
EndProject
Project("{8BC9CEB8-8B4A-11D0-8D11-00A0C91BC942}") = "Class9th", "..\Class9th\Class9th.vcxproj", "{CAECE7DC-A96B-476F-8B4D-9406FDE85B29}"
EndProject
Project("{8BC9CEB8-8B4A-11D0-8D11-00A0C91BC942}") = "Class10th", "..\Class10th\Class10th.vcxproj", "{A9660E74-B158-44E0-BDA6-C31792EA93AA}"
EndProject
Global
	GlobalSection(SolutionConfigurationPlatforms) = preSolution
		Debug|x64 = Debug|x64
		Debug|x86 = Debug|x86
		Release|x64 = Release|x64
		Release|x86 = Release|x86
	EndGlobalSection
	GlobalSection(ProjectConfigurationPlatforms) = postSolution
		{20B51D39-F84A-4B79-9FEA-19C12903607F}.Debug|x64.ActiveCfg = Debug|x64
		{20B51D39-F84A-4B79-9FEA-19C12903607F}.Debug|x64.Build.0 = Debug|x64
		{20B51D39-F84A-4B79-9FEA-19C12903607F}.Debug|x86.ActiveCfg = Debug|Win32
		{20B51D39-F84A-4B79-9FEA-19C12903607F}.Debug|x86.Build.0 = Debug|Win32
		{20B51D39-F84A-4B79-9FEA-19C12903607F}.Release|x64.ActiveCfg = Release|x64
		{20B51D39-F84A-4B79-9FEA-19C12903607F}.Release|x64.Build.0 = Release|x64
		{20B51D39-F84A-4B79-9FEA-19C12903607F}.Release|x86.ActiveCfg = Release|Win32
		{20B51D39-F84A-4B79-9FEA-19C12903607F}.Release|x86.Build.0 = Release|Win32
		{E3EA88A3-3616-4508-889E-0014E193A9CF}.Debug|x64.ActiveCfg = Debug|x64
		{E3EA88A3-3616-4508-889E-0014E193A9CF}.Debug|x64.Build.0 = Debug|x64
		{E3EA88A3-3616-4508-889E-0014E193A9CF}.Debug|x86.ActiveCfg = Debug|Win32
		{E3EA88A3-3616-4508-889E-0014E193A9CF}.Debug|x86.Build.0 = Debug|Win32
		{E3EA88A3-3616-4508-889E-0014E193A9CF}.Release|x64.ActiveCfg = Release|x64
		{E3EA88A3-3616-4508-889E-0014E193A9CF}.Release|x64.Build.0 = Release|x64
		{E3EA88A3-3616-4508-889E-0014E193A9CF}.Release|x86.ActiveCfg = Release|Win32
		{E3EA88A3-3616-4508-889E-0014E193A9CF}.Release|x86.Build.0 = Release|Win32
		{692312E7-F891-437E-B3A8-BA559150937A}.Debug|x64.ActiveCfg = Debug|x64
		{692312E7-F891-437E-B3A8-BA559150937A}.Debug|x64.Build.0 = Debug|x64
		{692312E7-F891-437E-B3A8-BA559150937A}.Debug|x86.ActiveCfg = Debug|Win32
		{692312E7-F891-437E-B3A8-BA559150937A}.Debug|x86.Build.0 = Debug|Win32
		{692312E7-F891-437E-B3A8-BA559150937A}.Release|x64.ActiveCfg = Release|x64
		{692312E7-F891-437E-B3A8-BA559150937A}.Release|x64.Build.0 = Release|x64
		{692312E7-F891-437E-B3A8-BA559150937A}.Release|x86.ActiveCfg = Release|Win32
		{692312E7-F891-437E-B3A8-BA559150937A}.Release|x86.Build.0 = Release|Win32
		{51DB79E9-464B-433E-A947-58BA2E612681}.Debug|x64.ActiveCfg = Debug|x64
		{51DB79E9-464B-433E-A947-58BA2E612681}.Debug|x64.Build.0 = Debug|x64
		{51DB79E9-464B-433E-A947-58BA2E612681}.Debug|x86.ActiveCfg = Debug|Win32
		{51DB79E9-464B-433E-A947-58BA2E612681}.Debug|x86.Build.0 = Debug|Win32
		{51DB79E9-464B-433E-A947-58BA2E612681}.Release|x64.ActiveCfg = Release|x64
		{51DB79E9-464B-433E-A947-58BA2E612681}.Release|x64.Build.0 = Release|x64
		{51DB79E9-464B-433E-A947-58BA2E612681}.Release|x86.ActiveCfg = Release|Win32
		{51DB79E9-464B-433E-A947-58BA2E612681}.Release|x86.Build.0 = Release|Win32
		{552C69CF-781B-4885-A412-45E3C17A406E}.Debug|x64.ActiveCfg = Debug|x64
		{552C69CF-781B-4885-A412-45E3C17A406E}.Debug|x64.Build.0 = Debug|x64
		{552C69CF-781B-4885-A412-45E3C17A406E}.Debug|x86.ActiveCfg = Debug|Win32
		{552C69CF-781B-4885-A412-45E3C17A406E}.Debug|x86.Build.0 = Debug|Win32
		{552C69CF-781B-4885-A412-45E3C17A406E}.Release|x64.ActiveCfg = Release|x64
		{552C69CF-781B-4885-A412-45E3C17A406E}.Release|x64.Build.0 = Release|x64
		{552C69CF-781B-4885-A412-45E3C17A406E}.Release|x86.ActiveCfg = Release|Win32
		{552C69CF-781B-4885-A412-45E3C17A406E}.Release|x86.Build.0 = Release|Win32
		{BC571746-D21B-4DE6-A1BB-EB8109699ADF}.Debug|x64.ActiveCfg = Debug|x64
		{BC571746-D21B-4DE6-A1BB-EB8109699ADF}.Debug|x64.Build.0 = Debug|x64
		{BC571746-D21B-4DE6-A1BB-EB8109699ADF}.Debug|x86.ActiveCfg = Debug|Win32
		{BC571746-D21B-4DE6-A1BB-EB8109699ADF}.Debug|x86.Build.0 = Debug|Win32
		{BC571746-D21B-4DE6-A1BB-EB8109699ADF}.Release|x64.ActiveCfg = Release|x64
		{BC571746-D21B-4DE6-A1BB-EB8109699ADF}.Release|x64.Build.0 = Release|x64
		{BC571746-D21B-4DE6-A1BB-EB8109699ADF}.Release|x86.ActiveCfg = Release|Win32
		{BC571746-D21B-4DE6-A1BB-EB8109699ADF}.Release|x86.Build.0 = Release|Win32
		{30105BE2-9716-4414-B5A6-1297180E7733}.Debug|x64.ActiveCfg = Debug|x64
		{30105BE2-9716-4414-B5A6-1297180E7733}.Debug|x64.Build.0 = Debug|x64
		{30105BE2-9716-4414-B5A6-1297180E7733}.Debug|x86.ActiveCfg = Debug|Win32
		{30105BE2-9716-4414-B5A6-1297180E7733}.Debug|x86.Build.0 = Debug|Win32
		{30105BE2-9716-4414-B5A6-1297180E7733}.Release|x64.ActiveCfg = Release|x64
		{30105BE2-9716-4414-B5A6-1297180E7733}.Release|x64.Build.0 = Release|x64
		{30105BE2-9716-4414-B5A6-1297180E7733}.Release|x86.ActiveCfg = Release|Win32
		{30105BE2-9716-4414-B5A6-1297180E7733}.Release|x86.Build.0 = Release|Win32
		{4EA50F27-2E4B-450B-8E06-5FFCC8EE767C}.Debug|x64.ActiveCfg = Debug|x64
		{4EA50F27-2E4B-450B-8E06-5FFCC8EE767C}.Debug|x64.Build.0 = Debug|x64
		{4EA50F27-2E4B-450B-8E06-5FFCC8EE767C}.Debug|x86.ActiveCfg = Debug|Win32
		{4EA50F27-2E4B-450B-8E06-5FFCC8EE767C}.Debug|x86.Build.0 = Debug|Win32
		{4EA50F27-2E4B-450B-8E06-5FFCC8EE767C}.Release|x64.ActiveCfg = Release|x64
		{4EA50F27-2E4B-450B-8E06-5FFCC8EE767C}.Release|x64.Build.0 = Release|x64
		{4EA50F27-2E4B-450B-8E06-5FFCC8EE767C}.Release|x86.ActiveCfg = Release|Win32
		{4EA50F27-2E4B-450B-8E06-5FFCC8EE767C}.Release|x86.Build.0 = Release|Win32
		{E951E68E-9C7F-4C46-9367-6527C5A771C2}.Debug|x64.ActiveCfg = Debug|x64
		{E951E68E-9C7F-4C46-9367-6527C5A771C2}.Debug|x64.Build.0 = Debug|x64
		{E951E68E-9C7F-4C46-9367-6527C5A771C2}.Debug|x86.ActiveCfg = Debug|Win32
		{E951E68E-9C7F-4C46-9367-6527C5A771C2}.Debug|x86.Build.0 = Debug|Win32
		{E951E68E-9C7F-4C46-9367-6527C5A771C2}.Release|x64.ActiveCfg = Release|x64
		{E951E68E-9C7F-4C46-9367-6527C5A771C2}.Release|x64.Build.0 = Release|x64
		{E951E68E-9C7F-4C46-9367-6527C5A771C2}.Release|x86.ActiveCfg = Release|Win32
		{E951E68E-9C7F-4C46-9367-6527C5A771C2}.Release|x86.Build.0 = Release|Win32
		{CAECE7DC-A96B-476F-8B4D-9406FDE85B29}.Debug|x64.ActiveCfg = Debug|x64
		{CAECE7DC-A96B-476F-8B4D-9406FDE85B29}.Debug|x64.Build.0 = Debug|x64
		{CAECE7DC-A96B-476F-8B4D-9406FDE85B29}.Debug|x86.ActiveCfg = Debug|Win32
		{CAECE7DC-A96B-476F-8B4D-9406FDE85B29}.Debug|x86.Build.0 = Debug|Win32
		{CAECE7DC-A96B-476F-8B4D-9406FDE85B29}.Release|x64.ActiveCfg = Release|x64
		{CAECE7DC-A96B-476F-8B4D-9406FDE85B29}.Release|x64.Build.0 = Release|x64
		{CAECE7DC-A96B-476F-8B4D-9406FDE85B29}.Release|x86.ActiveCfg = Release|Win32
		{CAECE7DC-A96B-476F-8B4D-9406FDE85B29}.Release|x86.Build.0 = Release|Win32
		{A9660E74-B158-44E0-BDA6-C31792EA93AA}.Debug|x64.ActiveCfg = Debug|x64
		{A9660E74-B158-44E0-BDA6-C31792EA93AA}.Debug|x64.Build.0 = Debug|x64
		{A9660E74-B158-44E0-BDA6-C31792EA93AA}.Debug|x86.ActiveCfg = Debug|Win32
		{A9660E74-B158-44E0-BDA6-C31792EA93AA}.Debug|x86.Build.0 = Debug|Win32
		{A9660E74-B158-44E0-BDA6-C31792EA93AA}.Release|x64.ActiveCfg = Release|x64
		{A9660E74-B158-44E0-BDA6-C31792EA93AA}.Release|x64.Build.0 = Release|x64
		{A9660E74-B158-44E0-BDA6-C31792EA93AA}.Release|x86.ActiveCfg = Release|Win32
		{A9660E74-B158-44E0-BDA6-C31792EA93AA}.Release|x86.Build.0 = Release|Win32
	EndGlobalSection
	GlobalSection(SolutionProperties) = preSolution
		HideSolutionNode = FALSE
	EndGlobalSection
	GlobalSection(ExtensibilityGlobals) = postSolution
		SolutionGuid = {E0EDD5A2-5736-4970-9B9A-BB3D7F1A81DD}
	EndGlobalSection
EndGlobal
